
Microsoft Visual Studio Solution File, Format Version 12.00
# Visual Studio Version 17
VisualStudioVersion = 17.13.35818.85 d17.13
MinimumVisualStudioVersion = 10.0.40219.1
Project("{FAE04EC0-301F-11D3-BF4B-00C04F79EFBC}") = "PaperGate.Web", "PaperGate.Web\PaperGate.Web.csproj", "{A85CF63C-51E8-4E85-B819-99BBA29BC8F7}"
EndProject
Project("{FAE04EC0-301F-11D3-BF4B-00C04F79EFBC}") = "PaperGate.Infra", "PaperGate.Infra\PaperGate.Infra.csproj", "{D308C8E5-545D-4BB6-9BFA-C1479CC1B632}"
EndProject
Project("{FAE04EC0-301F-11D3-BF4B-00C04F79EFBC}") = "PaperGate.Core", "PaperGate.Core\PaperGate.Core.csproj", "{A19199DE-8A54-4568-9729-A3EF18F24CFF}"
EndProject
Project("{FAE04EC0-301F-11D3-BF4B-00C04F79EFBC}") = "PaperGate.Shared", "PaperGate.Shared\PaperGate.Shared.csproj", "{2A284C61-0096-4FEF-83EE-2457FDA1DA52}"
EndProject
Global
	GlobalSection(SolutionConfigurationPlatforms) = preSolution
		Debug|Any CPU = Debug|Any CPU
		Release|Any CPU = Release|Any CPU
	EndGlobalSection
	GlobalSection(ProjectConfigurationPlatforms) = postSolution
		{A85CF63C-51E8-4E85-B819-99BBA29BC8F7}.Debug|Any CPU.ActiveCfg = Debug|Any CPU
		{A85CF63C-51E8-4E85-B819-99BBA29BC8F7}.Debug|Any CPU.Build.0 = Debug|Any CPU
		{A85CF63C-51E8-4E85-B819-99BBA29BC8F7}.Release|Any CPU.ActiveCfg = Release|Any CPU
		{A85CF63C-51E8-4E85-B819-99BBA29BC8F7}.Release|Any CPU.Build.0 = Release|Any CPU
		{D308C8E5-545D-4BB6-9BFA-C1479CC1B632}.Debug|Any CPU.ActiveCfg = Debug|Any CPU
		{D308C8E5-545D-4BB6-9BFA-C1479CC1B632}.Debug|Any CPU.Build.0 = Debug|Any CPU
		{D308C8E5-545D-4BB6-9BFA-C1479CC1B632}.Release|Any CPU.ActiveCfg = Release|Any CPU
		{D308C8E5-545D-4BB6-9BFA-C1479CC1B632}.Release|Any CPU.Build.0 = Release|Any CPU
		{A19199DE-8A54-4568-9729-A3EF18F24CFF}.Debug|Any CPU.ActiveCfg = Debug|Any CPU
		{A19199DE-8A54-4568-9729-A3EF18F24CFF}.Debug|Any CPU.Build.0 = Debug|Any CPU
		{A19199DE-8A54-4568-9729-A3EF18F24CFF}.Release|Any CPU.ActiveCfg = Release|Any CPU
		{A19199DE-8A54-4568-9729-A3EF18F24CFF}.Release|Any CPU.Build.0 = Release|Any CPU
		{2A284C61-0096-4FEF-83EE-2457FDA1DA52}.Debug|Any CPU.ActiveCfg = Debug|Any CPU
		{2A284C61-0096-4FEF-83EE-2457FDA1DA52}.Debug|Any CPU.Build.0 = Debug|Any CPU
		{2A284C61-0096-4FEF-83EE-2457FDA1DA52}.Release|Any CPU.ActiveCfg = Release|Any CPU
		{2A284C61-0096-4FEF-83EE-2457FDA1DA52}.Release|Any CPU.Build.0 = Release|Any CPU
	EndGlobalSection
	GlobalSection(SolutionProperties) = preSolution
		HideSolutionNode = FALSE
	EndGlobalSection
	GlobalSection(ExtensibilityGlobals) = postSolution
		SolutionGuid = {64EC0F75-B650-4AA7-8CF1-66004AA41636}
	EndGlobalSection
EndGlobal
